// !$*UTF8*$!
{
	archiveVersion = 1;
	classes = {
	};
	objectVersion = 50;
	objects = {

/* Begin PBXBuildFile section */
		2D81D35C2459B43E0016855D /* AppDelegate.swift in Sources */ = {isa = PBXBuildFile; fileRef = 2D81D35B2459B43E0016855D /* AppDelegate.swift */; };
		2D81D35E2459B43E0016855D /* SceneDelegate.swift in Sources */ = {isa = PBXBuildFile; fileRef = 2D81D35D2459B43E0016855D /* SceneDelegate.swift */; };
		2D81D3682459B4430016855D /* LaunchScreen.storyboard in Resources */ = {isa = PBXBuildFile; fileRef = 2D81D3662459B4430016855D /* LaunchScreen.storyboard */; };
		2D81D37C2459B48A0016855D /* StoryBrain.swift in Sources */ = {isa = PBXBuildFile; fileRef = 2D81D3702459B4890016855D /* StoryBrain.swift */; };
		2D81D37D2459B48A0016855D /* Story.swift in Sources */ = {isa = PBXBuildFile; fileRef = 2D81D3712459B4890016855D /* Story.swift */; };
		2D81D37E2459B48A0016855D /* Assets.xcassets in Resources */ = {isa = PBXBuildFile; fileRef = 2D81D3722459B4890016855D /* Assets.xcassets */; };
		2D81D37F2459B48A0016855D /* ViewController.swift in Sources */ = {isa = PBXBuildFile; fileRef = 2D81D3742459B4890016855D /* ViewController.swift */; };
		2D81D3802459B48A0016855D /* Main.storyboard in Resources */ = {isa = PBXBuildFile; fileRef = 2D81D3762459B4890016855D /* Main.storyboard */; };
/* End PBXBuildFile section */

/* Begin PBXFileReference section */
		2D81D3582459B43E0016855D /* Destiny.app */ = {isa = PBXFileReference; explicitFileType = wrapper.application; includeInIndex = 0; path = Destiny.app; sourceTree = BUILT_PRODUCTS_DIR; };
		2D81D35B2459B43E0016855D /* AppDelegate.swift */ = {isa = PBXFileReference; lastKnownFileType = sourcecode.swift; path = AppDelegate.swift; sourceTree = "<group>"; };
		2D81D35D2459B43E0016855D /* SceneDelegate.swift */ = {isa = PBXFileReference; lastKnownFileType = sourcecode.swift; path = SceneDelegate.swift; sourceTree = "<group>"; };
		2D81D3672459B4430016855D /* Base */ = {isa = PBXFileReference; lastKnownFileType = file.storyboard; name = Base; path = Base.lproj/LaunchScreen.storyboard; sourceTree = "<group>"; };
		2D81D3692459B4430016855D /* Info.plist */ = {isa = PBXFileReference; lastKnownFileType = text.plist.xml; path = Info.plist; sourceTree = "<group>"; };
		2D81D3702459B4890016855D /* StoryBrain.swift */ = {isa = PBXFileReference; fileEncoding = 4; lastKnownFileType = sourcecode.swift; path = StoryBrain.swift; sourceTree = "<group>"; };
		2D81D3712459B4890016855D /* Story.swift */ = {isa = PBXFileReference; fileEncoding = 4; lastKnownFileType = sourcecode.swift; path = Story.swift; sourceTree = "<group>"; };
		2D81D3722459B4890016855D /* Assets.xcassets */ = {isa = PBXFileReference; lastKnownFileType = folder.assetcatalog; path = Assets.xcassets; sourceTree = "<group>"; };
		2D81D3742459B4890016855D /* ViewController.swift */ = {isa = PBXFileReference; fileEncoding = 4; lastKnownFileType = sourcecode.swift; path = ViewController.swift; sourceTree = "<group>"; };
		2D81D3772459B4890016855D /* Base */ = {isa = PBXFileReference; lastKnownFileType = file.storyboard; name = Base; path = Base.lproj/Main.storyboard; sourceTree = "<group>"; };
/* End PBXFileReference section */

/* Begin PBXFrameworksBuildPhase section */
		2D81D3552459B43E0016855D /* Frameworks */ = {
			isa = PBXFrameworksBuildPhase;
			buildActionMask = 2147483647;
			files = (
			);
			runOnlyForDeploymentPostprocessing = 0;
		};
/* End PBXFrameworksBuildPhase section */

/* Begin PBXGroup section */
		2D81D34F2459B43E0016855D = {
			isa = PBXGroup;
			children = (
				2D81D35A2459B43E0016855D /* Destiny */,
				2D81D3592459B43E0016855D /* Products */,
			);
			sourceTree = "<group>";
		};
		2D81D3592459B43E0016855D /* Products */ = {
			isa = PBXGroup;
			children = (
				2D81D3582459B43E0016855D /* Destiny.app */,
			);
			name = Products;
			sourceTree = "<group>";
		};
		2D81D35A2459B43E0016855D /* Destiny */ = {
			isa = PBXGroup;
			children = (
				2D81D35B2459B43E0016855D /* AppDelegate.swift */,
				2D81D35D2459B43E0016855D /* SceneDelegate.swift */,
				2D81D3722459B4890016855D /* Assets.xcassets */,
				2D81D36F2459B4890016855D /* Model */,
				2D81D3752459B4890016855D /* View */,
				2D81D3732459B4890016855D /* Controller */,
				2D81D3662459B4430016855D /* LaunchScreen.storyboard */,
				2D81D3692459B4430016855D /* Info.plist */,
			);
			path = Destiny;
			sourceTree = "<group>";
		};
		2D81D36F2459B4890016855D /* Model */ = {
			isa = PBXGroup;
			children = (
				2D81D3702459B4890016855D /* StoryBrain.swift */,
				2D81D3712459B4890016855D /* Story.swift */,
			);
			path = Model;
			sourceTree = "<group>";
		};
		2D81D3732459B4890016855D /* Controller */ = {
			isa = PBXGroup;
			children = (
				2D81D3742459B4890016855D /* ViewController.swift */,
			);
			path = Controller;
			sourceTree = "<group>";
		};
		2D81D3752459B4890016855D /* View */ = {
			isa = PBXGroup;
			children = (
				2D81D3762459B4890016855D /* Main.storyboard */,
			);
			path = View;
			sourceTree = "<group>";
		};
/* End PBXGroup section */

/* Begin PBXNativeTarget section */
		2D81D3572459B43E0016855D /* Destiny */ = {
			isa = PBXNativeTarget;
			buildConfigurationList = 2D81D36C2459B4430016855D /* Build configuration list for PBXNativeTarget "Destiny" */;
			buildPhases = (
				2D81D3542459B43E0016855D /* Sources */,
				2D81D3552459B43E0016855D /* Frameworks */,
				2D81D3562459B43E0016855D /* Resources */,
			);
			buildRules = (
			);
			dependencies = (
			);
			name = Destiny;
			productName = Destiny;
			productReference = 2D81D3582459B43E0016855D /* Destiny.app */;
			productType = "com.apple.product-type.application";
		};
/* End PBXNativeTarget section */

/* Begin PBXProject section */
		2D81D3502459B43E0016855D /* Project object */ = {
			isa = PBXProject;
			attributes = {
				LastSwiftUpdateCheck = 1140;
				LastUpgradeCheck = 1140;
				ORGANIZATIONNAME = "Ramya Seshagiri";
				TargetAttributes = {
					2D81D3572459B43E0016855D = {
						CreatedOnToolsVersion = 11.4;
					};
				};
			};
			buildConfigurationList = 2D81D3532459B43E0016855D /* Build configuration list for PBXProject "Destiny" */;
			compatibilityVersion = "Xcode 9.3";
			developmentRegion = en;
			hasScannedForEncodings = 0;
			knownRegions = (
				en,
				Base,
			);
			mainGroup = 2D81D34F2459B43E0016855D;
			productRefGroup = 2D81D3592459B43E0016855D /* Products */;
			projectDirPath = "";
			projectRoot = "";
			targets = (
				2D81D3572459B43E0016855D /* Destiny */,
			);
		};
/* End PBXProject section */

/* Begin PBXResourcesBuildPhase section */
		2D81D3562459B43E0016855D /* Resources */ = {
			isa = PBXResourcesBuildPhase;
			buildActionMask = 2147483647;
			files = (
				2D81D3802459B48A0016855D /* Main.storyboard in Resources */,
				2D81D37E2459B48A0016855D /* Assets.xcassets in Resources */,
				2D81D3682459B4430016855D /* LaunchScreen.storyboard in Resources */,
			);
			runOnlyForDeploymentPostprocessing = 0;
		};
/* End PBXResourcesBuildPhase section */

/* Begin PBXSourcesBuildPhase section */
		2D81D3542459B43E0016855D /* Sources */ = {
			isa = PBXSourcesBuildPhase;
			buildActionMask = 2147483647;
			files = (
				2D81D37F2459B48A0016855D /* ViewController.swift in Sources */,
				2D81D37C2459B48A0016855D /* StoryBrain.swift in Sources */,
				2D81D35C2459B43E0016855D /* AppDelegate.swift in Sources */,
				2D81D35E2459B43E0016855D /* SceneDelegate.swift in Sources */,
				2D81D37D2459B48A0016855D /* Story.swift in Sources */,
			);
			runOnlyForDeploymentPostprocessing = 0;
		};
/* End PBXSourcesBuildPhase section */

/* Begin PBXVariantGroup section */
		2D81D3662459B4430016855D /* LaunchScreen.storyboard */ = {
			isa = PBXVariantGroup;
			children = (
				2D81D3672459B4430016855D /* Base */,
			);
			name = LaunchScreen.storyboard;
			sourceTree = "<group>";
		};
		2D81D3762459B4890016855D /* Main.storyboard */ = {
			isa = PBXVariantGroup;
			children = (
				2D81D3772459B4890016855D /* Base */,
			);
			name = Main.storyboard;
			sourceTree = "<group>";
		};
/* End PBXVariantGroup section */

/* Begin XCBuildConfiguration section */
		2D81D36A2459B4430016855D /* Debug */ = {
			isa = XCBuildConfiguration;
			buildSettings = {
				ALWAYS_SEARCH_USER_PATHS = NO;
				CLANG_ANALYZER_NONNULL = YES;
				CLANG_ANALYZER_NUMBER_OBJECT_CONVERSION = YES_AGGRESSIVE;
				CLANG_CXX_LANGUAGE_STANDARD = "gnu++14";
				CLANG_CXX_LIBRARY = "libc++";
				CLANG_ENABLE_MODULES = YES;
				CLANG_ENABLE_OBJC_ARC = YES;
				CLANG_ENABLE_OBJC_WEAK = YES;
				CLANG_WARN_BLOCK_CAPTURE_AUTORELEASING = YES;
				CLANG_WARN_BOOL_CONVERSION = YES;
				CLANG_WARN_COMMA = YES;
				CLANG_WARN_CONSTANT_CONVERSION = YES;
				CLANG_WARN_DEPRECATED_OBJC_IMPLEMENTATIONS = YES;
				CLANG_WARN_DIRECT_OBJC_ISA_USAGE = YES_ERROR;
				CLANG_WARN_DOCUMENTATION_COMMENTS = YES;
				CLANG_WARN_EMPTY_BODY = YES;
				CLANG_WARN_ENUM_CONVERSION = YES;
				CLANG_WARN_INFINITE_RECURSION = YES;
				CLANG_WARN_INT_CONVERSION = YES;
				CLANG_WARN_NON_LITERAL_NULL_CONVERSION = YES;
				CLANG_WARN_OBJC_IMPLICIT_RETAIN_SELF = YES;
				CLANG_WARN_OBJC_LITERAL_CONVERSION = YES;
				CLANG_WARN_OBJC_ROOT_CLASS = YES_ERROR;
				CLANG_WARN_RANGE_LOOP_ANALYSIS = YES;
				CLANG_WARN_STRICT_PROTOTYPES = YES;
				CLANG_WARN_SUSPICIOUS_MOVE = YES;
				CLANG_WARN_UNGUARDED_AVAILABILITY = YES_AGGRESSIVE;
				CLANG_WARN_UNREACHABLE_CODE = YES;
				CLANG_WARN__DUPLICATE_METHOD_MATCH = YES;
				COPY_PHASE_STRIP = NO;
				DEBUG_INFORMATION_FORMAT = dwarf;
				ENABLE_STRICT_OBJC_MSGSEND = YES;
				ENABLE_TESTABILITY = YES;
				GCC_C_LANGUAGE_STANDARD = gnu11;
				GCC_DYNAMIC_NO_PIC = NO;
				GCC_NO_COMMON_BLOCKS = YES;
				GCC_OPTIMIZATION_LEVEL = 0;
				GCC_PREPROCESSOR_DEFINITIONS = (
					"DEBUG=1",
					"$(inherited)",
				);
				GCC_WARN_64_TO_32_BIT_CONVERSION = YES;
				GCC_WARN_ABOUT_RETURN_TYPE = YES_ERROR;
				GCC_WARN_UNDECLARED_SELECTOR = YES;
				GCC_WARN_UNINITIALIZED_AUTOS = YES_AGGRESSIVE;
				GCC_WARN_UNUSED_FUNCTION = YES;
				GCC_WARN_UNUSED_VARIABLE = YES;
				IPHONEOS_DEPLOYMENT_TARGET = 13.4;
				MTL_ENABLE_DEBUG_INFO = INCLUDE_SOURCE;
				MTL_FAST_MATH = YES;
				ONLY_ACTIVE_ARCH = YES;
				SDKROOT = iphoneos;
				SWIFT_ACTIVE_COMPILATION_CONDITIONS = DEBUG;
				SWIFT_OPTIMIZATION_LEVEL = "-Onone";
			};
			name = Debug;
		};
		2D81D36B2459B4430016855D /* Release */ = {
			isa = XCBuildConfiguration;
			buildSettings = {
				ALWAYS_SEARCH_USER_PATHS = NO;
				CLANG_ANALYZER_NONNULL = YES;
				CLANG_ANALYZER_NUMBER_OBJECT_CONVERSION = YES_AGGRESSIVE;
				CLANG_CXX_LANGUAGE_STANDARD = "gnu++14";
				CLANG_CXX_LIBRARY = "libc++";
				CLANG_ENABLE_MODULES = YES;
				CLANG_ENABLE_OBJC_ARC = YES;
				CLANG_ENABLE_OBJC_WEAK = YES;
				CLANG_WARN_BLOCK_CAPTURE_AUTORELEASING = YES;
				CLANG_WARN_BOOL_CONVERSION = YES;
				CLANG_WARN_COMMA = YES;
				CLANG_WARN_CONSTANT_CONVERSION = YES;
				CLANG_WARN_DEPRECATED_OBJC_IMPLEMENTATIONS = YES;
				CLANG_WARN_DIRECT_OBJC_ISA_USAGE = YES_ERROR;
				CLANG_WARN_DOCUMENTATION_COMMENTS = YES;
				CLANG_WARN_EMPTY_BODY = YES;
				CLANG_WARN_ENUM_CONVERSION = YES;
				CLANG_WARN_INFINITE_RECURSION = YES;
				CLANG_WARN_INT_CONVERSION = YES;
				CLANG_WARN_NON_LITERAL_NULL_CONVERSION = YES;
				CLANG_WARN_OBJC_IMPLICIT_RETAIN_SELF = YES;
				CLANG_WARN_OBJC_LITERAL_CONVERSION = YES;
				CLANG_WARN_OBJC_ROOT_CLASS = YES_ERROR;
				CLANG_WARN_RANGE_LOOP_ANALYSIS = YES;
				CLANG_WARN_STRICT_PROTOTYPES = YES;
				CLANG_WARN_SUSPICIOUS_MOVE = YES;
				CLANG_WARN_UNGUARDED_AVAILABILITY = YES_AGGRESSIVE;
				CLANG_WARN_UNREACHABLE_CODE = YES;
				CLANG_WARN__DUPLICATE_METHOD_MATCH = YES;
				COPY_PHASE_STRIP = NO;
				DEBUG_INFORMATION_FORMAT = "dwarf-with-dsym";
				ENABLE_NS_ASSERTIONS = NO;
				ENABLE_STRICT_OBJC_MSGSEND = YES;
				GCC_C_LANGUAGE_STANDARD = gnu11;
				GCC_NO_COMMON_BLOCKS = YES;
				GCC_WARN_64_TO_32_BIT_CONVERSION = YES;
				GCC_WARN_ABOUT_RETURN_TYPE = YES_ERROR;
				GCC_WARN_UNDECLARED_SELECTOR = YES;
				GCC_WARN_UNINITIALIZED_AUTOS = YES_AGGRESSIVE;
				GCC_WARN_UNUSED_FUNCTION = YES;
				GCC_WARN_UNUSED_VARIABLE = YES;
				IPHONEOS_DEPLOYMENT_TARGET = 13.4;
				MTL_ENABLE_DEBUG_INFO = NO;
				MTL_FAST_MATH = YES;
				SDKROOT = iphoneos;
				SWIFT_COMPILATION_MODE = wholemodule;
				SWIFT_OPTIMIZATION_LEVEL = "-O";
				VALIDATE_PRODUCT = YES;
			};
			name = Release;
		};
		2D81D36D2459B4430016855D /* Debug */ = {
			isa = XCBuildConfiguration;
			buildSettings = {
				ASSETCATALOG_COMPILER_APPICON_NAME = AppIcon;
				CODE_SIGN_STYLE = Automatic;
				DEVELOPMENT_TEAM = 42GPR649QW;
				INFOPLIST_FILE = Destiny/Info.plist;
				LD_RUNPATH_SEARCH_PATHS = (
					"$(inherited)",
					"@executable_path/Frameworks",
				);
				PRODUCT_BUNDLE_IDENTIFIER = ramya.ers.Destiny;
				PRODUCT_NAME = "$(TARGET_NAME)";
				SWIFT_VERSION = 5.0;
				TARGETED_DEVICE_FAMILY = "1,2";
			};
			name = Debug;
		};
		2D81D36E2459B4430016855D /* Release */ = {
			isa = XCBuildConfiguration;
			buildSettings = {
				ASSETCATALOG_COMPILER_APPICON_NAME = AppIcon;
				CODE_SIGN_STYLE = Automatic;
				DEVELOPMENT_TEAM = 42GPR649QW;
				INFOPLIST_FILE = Destiny/Info.plist;
				LD_RUNPATH_SEARCH_PATHS = (
					"$(inherited)",
					"@executable_path/Frameworks",
				);
				PRODUCT_BUNDLE_IDENTIFIER = ramya.ers.Destiny;
				PRODUCT_NAME = "$(TARGET_NAME)";
				SWIFT_VERSION = 5.0;
				TARGETED_DEVICE_FAMILY = "1,2";
			};
			name = Release;
		};
/* End XCBuildConfiguration section */

/* Begin XCConfigurationList section */
		2D81D3532459B43E0016855D /* Build configuration list for PBXProject "Destiny" */ = {
			isa = XCConfigurationList;
			buildConfigurations = (
				2D81D36A2459B4430016855D /* Debug */,
				2D81D36B2459B4430016855D /* Release */,
			);
			defaultConfigurationIsVisible = 0;
			defaultConfigurationName = Release;
		};
		2D81D36C2459B4430016855D /* Build configuration list for PBXNativeTarget "Destiny" */ = {
			isa = XCConfigurationList;
			buildConfigurations = (
				2D81D36D2459B4430016855D /* Debug */,
				2D81D36E2459B4430016855D /* Release */,
			);
			defaultConfigurationIsVisible = 0;
			defaultConfigurationName = Release;
		};
/* End XCConfigurationList section */
	};
	rootObject = 2D81D3502459B43E0016855D /* Project object */;
}
